
Microsoft Visual Studio Solution File, Format Version 12.00
# Visual Studio Version 17
VisualStudioVersion = 17.7.34221.43
MinimumVisualStudioVersion = 10.0.40219.1
Project("{9A19103F-16F7-4668-BE54-9A1E7A4F7556}") = "BulkyWebApp", "BulkyWebApp\BulkyWebApp.csproj", "{D5622BA9-1343-483E-B0CA-52210333DC1B}"
EndProject
Project("{FAE04EC0-301F-11D3-BF4B-00C04F79EFBC}") = "Bulky.DataAcess", "Bulky.DataAcess\Bulky.DataAcess.csproj", "{ECE71481-EED1-43CE-9F58-04C6E2CEC84E}"
	ProjectSection(ProjectDependencies) = postProject
		{745D0ADB-8541-492E-B8B1-87C78A712716} = {745D0ADB-8541-492E-B8B1-87C78A712716}
	EndProjectSection
EndProject
Project("{FAE04EC0-301F-11D3-BF4B-00C04F79EFBC}") = "Bulky.Models", "Bulky.Models\Bulky.Models.csproj", "{745D0ADB-8541-492E-B8B1-87C78A712716}"
EndProject
Project("{FAE04EC0-301F-11D3-BF4B-00C04F79EFBC}") = "Bulky.Utility", "Bulky.Utility\Bulky.Utility.csproj", "{38D525D4-D093-4DF8-8E48-580D2FC490A3}"
EndProject
Global
	GlobalSection(SolutionConfigurationPlatforms) = preSolution
		Debug|Any CPU = Debug|Any CPU
		Release|Any CPU = Release|Any CPU
	EndGlobalSection
	GlobalSection(ProjectConfigurationPlatforms) = postSolution
		{D5622BA9-1343-483E-B0CA-52210333DC1B}.Debug|Any CPU.ActiveCfg = Debug|Any CPU
		{D5622BA9-1343-483E-B0CA-52210333DC1B}.Debug|Any CPU.Build.0 = Debug|Any CPU
		{D5622BA9-1343-483E-B0CA-52210333DC1B}.Release|Any CPU.ActiveCfg = Release|Any CPU
		{D5622BA9-1343-483E-B0CA-52210333DC1B}.Release|Any CPU.Build.0 = Release|Any CPU
		{ECE71481-EED1-43CE-9F58-04C6E2CEC84E}.Debug|Any CPU.ActiveCfg = Debug|Any CPU
		{ECE71481-EED1-43CE-9F58-04C6E2CEC84E}.Debug|Any CPU.Build.0 = Debug|Any CPU
		{ECE71481-EED1-43CE-9F58-04C6E2CEC84E}.Release|Any CPU.ActiveCfg = Release|Any CPU
		{ECE71481-EED1-43CE-9F58-04C6E2CEC84E}.Release|Any CPU.Build.0 = Release|Any CPU
		{745D0ADB-8541-492E-B8B1-87C78A712716}.Debug|Any CPU.ActiveCfg = Debug|Any CPU
		{745D0ADB-8541-492E-B8B1-87C78A712716}.Debug|Any CPU.Build.0 = Debug|Any CPU
		{745D0ADB-8541-492E-B8B1-87C78A712716}.Release|Any CPU.ActiveCfg = Release|Any CPU
		{745D0ADB-8541-492E-B8B1-87C78A712716}.Release|Any CPU.Build.0 = Release|Any CPU
		{38D525D4-D093-4DF8-8E48-580D2FC490A3}.Debug|Any CPU.ActiveCfg = Debug|Any CPU
		{38D525D4-D093-4DF8-8E48-580D2FC490A3}.Debug|Any CPU.Build.0 = Debug|Any CPU
		{38D525D4-D093-4DF8-8E48-580D2FC490A3}.Release|Any CPU.ActiveCfg = Release|Any CPU
		{38D525D4-D093-4DF8-8E48-580D2FC490A3}.Release|Any CPU.Build.0 = Release|Any CPU
	EndGlobalSection
	GlobalSection(SolutionProperties) = preSolution
		HideSolutionNode = FALSE
	EndGlobalSection
	GlobalSection(ExtensibilityGlobals) = postSolution
		SolutionGuid = {5114D8E0-BEEC-49ED-AAFA-4F1255C0FC35}
	EndGlobalSection
EndGlobal
