
Microsoft Visual Studio Solution File, Format Version 12.00
# Visual Studio Version 17
VisualStudioVersion = 17.7.34221.43
MinimumVisualStudioVersion = 10.0.40219.1
Project("{FAE04EC0-301F-11D3-BF4B-00C04F79EFBC}") = "BulkyWebApp", "BulkyWebApp\BulkyWebApp.csproj", "{D5622BA9-1343-483E-B0CA-52210333DC1B}"
EndProject
Global
	GlobalSection(SolutionConfigurationPlatforms) = preSolution
		Debug|Any CPU = Debug|Any CPU
		Release|Any CPU = Release|Any CPU
	EndGlobalSection
	GlobalSection(ProjectConfigurationPlatforms) = postSolution
		{D5622BA9-1343-483E-B0CA-52210333DC1B}.Debug|Any CPU.ActiveCfg = Debug|Any CPU
		{D5622BA9-1343-483E-B0CA-52210333DC1B}.Debug|Any CPU.Build.0 = Debug|Any CPU
		{D5622BA9-1343-483E-B0CA-52210333DC1B}.Release|Any CPU.ActiveCfg = Release|Any CPU
		{D5622BA9-1343-483E-B0CA-52210333DC1B}.Release|Any CPU.Build.0 = Release|Any CPU
	EndGlobalSection
	GlobalSection(SolutionProperties) = preSolution
		HideSolutionNode = FALSE
	EndGlobalSection
	GlobalSection(ExtensibilityGlobals) = postSolution
		SolutionGuid = {5114D8E0-BEEC-49ED-AAFA-4F1255C0FC35}
	EndGlobalSection
EndGlobal
